schema: '2.0'
stages:
  train:
    cmd: python train.py
    deps:
    - path: data
      md5: b8fc6a410b7fd435413b0ac5b15e9439.dir
      size: 7008786
      nfiles: 12500
    - path: train.py
      md5: 22edcd650dba1761a1339b41e93c4544
      size: 7165
    params:
      params.yaml:
        batch_size: 64
        learning_rate: 0.0005
        num_epochs: 4
        optimizer: adamax
    outs:
    - path: metrics.yml
      md5: 83ea59dc98240d1eff7fb7b702e39a8a
      size: 123
    - path: model
      md5: 090f99355d68e5695a0e39baa33b2fdc
      size: 19415
    - path: test.jpg
      md5: e96807d561d8a01a50b464b89ae9d7ec
      size: 16220
    - path: test_cm.csv
      md5: 54c973e80657802c1b552e1a77b37f3b
      size: 50018
    - path: train.jpg
      md5: 60f096b98f15cce495e06bbcd04d15b7
      size: 16493
    - path: train_cm.csv
      md5: 3ece4ab2265b8caa123264828dd320a7
      size: 12518
    - path: training_logs
      md5: 919b9fe91e60ebe8cb7bae79d76538bd.dir
      size: 18736
      nfiles: 5
