schema: '2.0'
stages:
  train:
    cmd: python train.py
    deps:
    - path: data
      md5: b8fc6a410b7fd435413b0ac5b15e9439.dir
      size: 7008786
      nfiles: 12500
    - path: train.py
      md5: 2e4b42fac7bc233f7c389c697f4f5556
      size: 7180
    params:
      params.yaml:
        batch_size: 64
        learning_rate: 0.01
        num_epochs: 4
        optimizer: sgd
    outs:
    - path: metrics.yml
      md5: 32438fbd8a37468fa8a992d84f561c01
      size: 122
    - path: model
      md5: ebdb12d8552209f0d5480be405e4c531
      size: 19415
    - path: test.jpg
      md5: 8dbcf6e5906f24c78b8966a846ab0ee7
      size: 16335
    - path: test_cm.csv
      md5: 1ff82b0d0cb6f2811b69a67813389fe8
      size: 50018
    - path: train.jpg
      md5: f13f9794186dd7395d96dc4fb68f7d1e
      size: 16061
    - path: train_cm.csv
      md5: a9221a012370628fd7ca58f90a7f32de
      size: 12518
    - path: training_logs
      md5: d4dd0d558da7a2dcd0dc346a2919949f.dir
      size: 657
      nfiles: 4
