schema: '2.0'
stages:
  train:
    cmd: python train.py
    deps:
    - path: data
      md5: b8fc6a410b7fd435413b0ac5b15e9439.dir
      size: 7008786
      nfiles: 12500
    - path: train.py
      md5: 22edcd650dba1761a1339b41e93c4544
      size: 7165
    params:
      params.yaml:
        batch_size: 64
        learning_rate: 0.005
        num_epochs: 4
        optimizer: adam
    outs:
    - path: metrics.yml
      md5: 7413090e79e563b99ee43e56b0f0a40d
      size: 125
    - path: model
      md5: 56f386ccb489795ffc1a46947df1f2ea
      size: 19415
    - path: test.jpg
      md5: 990da240ed2825e2f6f3af7c69688bbd
      size: 15598
    - path: test_cm.csv
      md5: 9b624b680e71af79d0a5f6e1528f7e36
      size: 50018
    - path: train.jpg
      md5: f21f3f225ca4e8ace4213bb690ac0692
      size: 15329
    - path: train_cm.csv
      md5: 01d81d41d8f1280ab50859c858ef353d
      size: 12518
    - path: training_logs
      md5: e3fe1bc62d65d0741c19b801e25090d9.dir
      size: 18762
      nfiles: 5
